// !$*UTF8*$!
{
	archiveVersion = 1;
	classes = {
	};
	objectVersion = 50;
	objects = {

/* Begin PBXBuildFile section */
		F199E6EE2158E541009F6077 /* DraggableView.swift in Sources */ = {isa = PBXBuildFile; fileRef = F199E6ED2158E541009F6077 /* DraggableView.swift */; };
		F1C95C5E21528B3B00CC797A /* TrimmerView.swift in Sources */ = {isa = PBXBuildFile; fileRef = F1C95C5D21528B3B00CC797A /* TrimmerView.swift */; };
		F1E3B1C721523C7F00A6943C /* AppDelegate.swift in Sources */ = {isa = PBXBuildFile; fileRef = F1E3B1C621523C7F00A6943C /* AppDelegate.swift */; };
		F1E3B1C921523C7F00A6943C /* ViewController.swift in Sources */ = {isa = PBXBuildFile; fileRef = F1E3B1C821523C7F00A6943C /* ViewController.swift */; };
		F1E3B1CC21523C7F00A6943C /* Main.storyboard in Resources */ = {isa = PBXBuildFile; fileRef = F1E3B1CA21523C7F00A6943C /* Main.storyboard */; };
		F1E3B1CE21523C7F00A6943C /* Assets.xcassets in Resources */ = {isa = PBXBuildFile; fileRef = F1E3B1CD21523C7F00A6943C /* Assets.xcassets */; };
		F1E3B1D121523C7F00A6943C /* LaunchScreen.storyboard in Resources */ = {isa = PBXBuildFile; fileRef = F1E3B1CF21523C7F00A6943C /* LaunchScreen.storyboard */; };
		F1E3B1D921523C9A00A6943C /* IMG_0065.m4v in Resources */ = {isa = PBXBuildFile; fileRef = F1E3B1D821523C9800A6943C /* IMG_0065.m4v */; };
		F1E3B1DB21523D3A00A6943C /* AssetThumbnailsView.swift in Sources */ = {isa = PBXBuildFile; fileRef = F1E3B1DA21523D3A00A6943C /* AssetThumbnailsView.swift */; };
/* End PBXBuildFile section */

/* Begin PBXFileReference section */
		F199E6ED2158E541009F6077 /* DraggableView.swift */ = {isa = PBXFileReference; lastKnownFileType = sourcecode.swift; path = DraggableView.swift; sourceTree = "<group>"; };
		F1C95C5D21528B3B00CC797A /* TrimmerView.swift */ = {isa = PBXFileReference; lastKnownFileType = sourcecode.swift; path = TrimmerView.swift; sourceTree = "<group>"; };
		F1E3B1C321523C7F00A6943C /* TrimmerVideo.app */ = {isa = PBXFileReference; explicitFileType = wrapper.application; includeInIndex = 0; path = TrimmerVideo.app; sourceTree = BUILT_PRODUCTS_DIR; };
		F1E3B1C621523C7F00A6943C /* AppDelegate.swift */ = {isa = PBXFileReference; lastKnownFileType = sourcecode.swift; path = AppDelegate.swift; sourceTree = "<group>"; };
		F1E3B1C821523C7F00A6943C /* ViewController.swift */ = {isa = PBXFileReference; lastKnownFileType = sourcecode.swift; path = ViewController.swift; sourceTree = "<group>"; };
		F1E3B1CB21523C7F00A6943C /* Base */ = {isa = PBXFileReference; lastKnownFileType = file.storyboard; name = Base; path = Base.lproj/Main.storyboard; sourceTree = "<group>"; };
		F1E3B1CD21523C7F00A6943C /* Assets.xcassets */ = {isa = PBXFileReference; lastKnownFileType = folder.assetcatalog; path = Assets.xcassets; sourceTree = "<group>"; };
		F1E3B1D021523C7F00A6943C /* Base */ = {isa = PBXFileReference; lastKnownFileType = file.storyboard; name = Base; path = Base.lproj/LaunchScreen.storyboard; sourceTree = "<group>"; };
		F1E3B1D221523C7F00A6943C /* Info.plist */ = {isa = PBXFileReference; lastKnownFileType = text.plist.xml; path = Info.plist; sourceTree = "<group>"; };
		F1E3B1D821523C9800A6943C /* IMG_0065.m4v */ = {isa = PBXFileReference; lastKnownFileType = file; path = IMG_0065.m4v; sourceTree = "<group>"; };
		F1E3B1DA21523D3A00A6943C /* AssetThumbnailsView.swift */ = {isa = PBXFileReference; lastKnownFileType = sourcecode.swift; path = AssetThumbnailsView.swift; sourceTree = "<group>"; };
/* End PBXFileReference section */

/* Begin PBXFrameworksBuildPhase section */
		F1E3B1C021523C7F00A6943C /* Frameworks */ = {
			isa = PBXFrameworksBuildPhase;
			buildActionMask = 2147483647;
			files = (
			);
			runOnlyForDeploymentPostprocessing = 0;
		};
/* End PBXFrameworksBuildPhase section */

/* Begin PBXGroup section */
		F1E3B1BA21523C7F00A6943C = {
			isa = PBXGroup;
			children = (
				F1E3B1C521523C7F00A6943C /* TrimmerVideo */,
				F1E3B1C421523C7F00A6943C /* Products */,
			);
			sourceTree = "<group>";
		};
		F1E3B1C421523C7F00A6943C /* Products */ = {
			isa = PBXGroup;
			children = (
				F1E3B1C321523C7F00A6943C /* TrimmerVideo.app */,
			);
			name = Products;
			sourceTree = "<group>";
		};
		F1E3B1C521523C7F00A6943C /* TrimmerVideo */ = {
			isa = PBXGroup;
			children = (
				F1E3B1C621523C7F00A6943C /* AppDelegate.swift */,
				F1E3B1C821523C7F00A6943C /* ViewController.swift */,
				F1E3B1D821523C9800A6943C /* IMG_0065.m4v */,
				F1C95C5D21528B3B00CC797A /* TrimmerView.swift */,
				F1E3B1DA21523D3A00A6943C /* AssetThumbnailsView.swift */,
				F199E6ED2158E541009F6077 /* DraggableView.swift */,
				F1E3B1CA21523C7F00A6943C /* Main.storyboard */,
				F1E3B1CD21523C7F00A6943C /* Assets.xcassets */,
				F1E3B1CF21523C7F00A6943C /* LaunchScreen.storyboard */,
				F1E3B1D221523C7F00A6943C /* Info.plist */,
			);
			path = TrimmerVideo;
			sourceTree = "<group>";
		};
/* End PBXGroup section */

/* Begin PBXNativeTarget section */
		F1E3B1C221523C7F00A6943C /* TrimmerVideo */ = {
			isa = PBXNativeTarget;
			buildConfigurationList = F1E3B1D521523C7F00A6943C /* Build configuration list for PBXNativeTarget "TrimmerVideo" */;
			buildPhases = (
				F1E3B1BF21523C7F00A6943C /* Sources */,
				F1E3B1C021523C7F00A6943C /* Frameworks */,
				F1E3B1C121523C7F00A6943C /* Resources */,
			);
			buildRules = (
			);
			dependencies = (
			);
			name = TrimmerVideo;
			productName = TrimmerVideo;
			productReference = F1E3B1C321523C7F00A6943C /* TrimmerVideo.app */;
			productType = "com.apple.product-type.application";
		};
/* End PBXNativeTarget section */

/* Begin PBXProject section */
		F1E3B1BB21523C7F00A6943C /* Project object */ = {
			isa = PBXProject;
			attributes = {
				LastSwiftUpdateCheck = 1000;
				LastUpgradeCheck = 1000;
				ORGANIZATIONNAME = "Diego Caroli";
				TargetAttributes = {
					F1E3B1C221523C7F00A6943C = {
						CreatedOnToolsVersion = 10.0;
					};
				};
			};
			buildConfigurationList = F1E3B1BE21523C7F00A6943C /* Build configuration list for PBXProject "TrimmerVideo" */;
			compatibilityVersion = "Xcode 9.3";
			developmentRegion = en;
			hasScannedForEncodings = 0;
			knownRegions = (
				en,
				Base,
			);
			mainGroup = F1E3B1BA21523C7F00A6943C;
			productRefGroup = F1E3B1C421523C7F00A6943C /* Products */;
			projectDirPath = "";
			projectRoot = "";
			targets = (
				F1E3B1C221523C7F00A6943C /* TrimmerVideo */,
			);
		};
/* End PBXProject section */

/* Begin PBXResourcesBuildPhase section */
		F1E3B1C121523C7F00A6943C /* Resources */ = {
			isa = PBXResourcesBuildPhase;
			buildActionMask = 2147483647;
			files = (
				F1E3B1D921523C9A00A6943C /* IMG_0065.m4v in Resources */,
				F1E3B1D121523C7F00A6943C /* LaunchScreen.storyboard in Resources */,
				F1E3B1CE21523C7F00A6943C /* Assets.xcassets in Resources */,
				F1E3B1CC21523C7F00A6943C /* Main.storyboard in Resources */,
			);
			runOnlyForDeploymentPostprocessing = 0;
		};
/* End PBXResourcesBuildPhase section */

/* Begin PBXSourcesBuildPhase section */
		F1E3B1BF21523C7F00A6943C /* Sources */ = {
			isa = PBXSourcesBuildPhase;
			buildActionMask = 2147483647;
			files = (
				F1E3B1C921523C7F00A6943C /* ViewController.swift in Sources */,
				F1E3B1DB21523D3A00A6943C /* AssetThumbnailsView.swift in Sources */,
				F1E3B1C721523C7F00A6943C /* AppDelegate.swift in Sources */,
				F199E6EE2158E541009F6077 /* DraggableView.swift in Sources */,
				F1C95C5E21528B3B00CC797A /* TrimmerView.swift in Sources */,
			);
			runOnlyForDeploymentPostprocessing = 0;
		};
/* End PBXSourcesBuildPhase section */

/* Begin PBXVariantGroup section */
		F1E3B1CA21523C7F00A6943C /* Main.storyboard */ = {
			isa = PBXVariantGroup;
			children = (
				F1E3B1CB21523C7F00A6943C /* Base */,
			);
			name = Main.storyboard;
			sourceTree = "<group>";
		};
		F1E3B1CF21523C7F00A6943C /* LaunchScreen.storyboard */ = {
			isa = PBXVariantGroup;
			children = (
				F1E3B1D021523C7F00A6943C /* Base */,
			);
			name = LaunchScreen.storyboard;
			sourceTree = "<group>";
		};
/* End PBXVariantGroup section */

/* Begin XCBuildConfiguration section */
		F1E3B1D321523C7F00A6943C /* Debug */ = {
			isa = XCBuildConfiguration;
			buildSettings = {
				ALWAYS_SEARCH_USER_PATHS = NO;
				CLANG_ANALYZER_NONNULL = YES;
				CLANG_ANALYZER_NUMBER_OBJECT_CONVERSION = YES_AGGRESSIVE;
				CLANG_CXX_LANGUAGE_STANDARD = "gnu++14";
				CLANG_CXX_LIBRARY = "libc++";
				CLANG_ENABLE_MODULES = YES;
				CLANG_ENABLE_OBJC_ARC = YES;
				CLANG_ENABLE_OBJC_WEAK = YES;
				CLANG_WARN_BLOCK_CAPTURE_AUTORELEASING = YES;
				CLANG_WARN_BOOL_CONVERSION = YES;
				CLANG_WARN_COMMA = YES;
				CLANG_WARN_CONSTANT_CONVERSION = YES;
				CLANG_WARN_DEPRECATED_OBJC_IMPLEMENTATIONS = YES;
				CLANG_WARN_DIRECT_OBJC_ISA_USAGE = YES_ERROR;
				CLANG_WARN_DOCUMENTATION_COMMENTS = YES;
				CLANG_WARN_EMPTY_BODY = YES;
				CLANG_WARN_ENUM_CONVERSION = YES;
				CLANG_WARN_INFINITE_RECURSION = YES;
				CLANG_WARN_INT_CONVERSION = YES;
				CLANG_WARN_NON_LITERAL_NULL_CONVERSION = YES;
				CLANG_WARN_OBJC_IMPLICIT_RETAIN_SELF = YES;
				CLANG_WARN_OBJC_LITERAL_CONVERSION = YES;
				CLANG_WARN_OBJC_ROOT_CLASS = YES_ERROR;
				CLANG_WARN_RANGE_LOOP_ANALYSIS = YES;
				CLANG_WARN_STRICT_PROTOTYPES = YES;
				CLANG_WARN_SUSPICIOUS_MOVE = YES;
				CLANG_WARN_UNGUARDED_AVAILABILITY = YES_AGGRESSIVE;
				CLANG_WARN_UNREACHABLE_CODE = YES;
				CLANG_WARN__DUPLICATE_METHOD_MATCH = YES;
				CODE_SIGN_IDENTITY = "iPhone Developer";
				COPY_PHASE_STRIP = NO;
				DEBUG_INFORMATION_FORMAT = dwarf;
				ENABLE_STRICT_OBJC_MSGSEND = YES;
				ENABLE_TESTABILITY = YES;
				GCC_C_LANGUAGE_STANDARD = gnu11;
				GCC_DYNAMIC_NO_PIC = NO;
				GCC_NO_COMMON_BLOCKS = YES;
				GCC_OPTIMIZATION_LEVEL = 0;
				GCC_PREPROCESSOR_DEFINITIONS = (
					"DEBUG=1",
					"$(inherited)",
				);
				GCC_WARN_64_TO_32_BIT_CONVERSION = YES;
				GCC_WARN_ABOUT_RETURN_TYPE = YES_ERROR;
				GCC_WARN_UNDECLARED_SELECTOR = YES;
				GCC_WARN_UNINITIALIZED_AUTOS = YES_AGGRESSIVE;
				GCC_WARN_UNUSED_FUNCTION = YES;
				GCC_WARN_UNUSED_VARIABLE = YES;
				IPHONEOS_DEPLOYMENT_TARGET = 12.0;
				MTL_ENABLE_DEBUG_INFO = INCLUDE_SOURCE;
				MTL_FAST_MATH = YES;
				ONLY_ACTIVE_ARCH = YES;
				SDKROOT = iphoneos;
				SWIFT_ACTIVE_COMPILATION_CONDITIONS = DEBUG;
				SWIFT_OPTIMIZATION_LEVEL = "-Onone";
			};
			name = Debug;
		};
		F1E3B1D421523C7F00A6943C /* Release */ = {
			isa = XCBuildConfiguration;
			buildSettings = {
				ALWAYS_SEARCH_USER_PATHS = NO;
				CLANG_ANALYZER_NONNULL = YES;
				CLANG_ANALYZER_NUMBER_OBJECT_CONVERSION = YES_AGGRESSIVE;
				CLANG_CXX_LANGUAGE_STANDARD = "gnu++14";
				CLANG_CXX_LIBRARY = "libc++";
				CLANG_ENABLE_MODULES = YES;
				CLANG_ENABLE_OBJC_ARC = YES;
				CLANG_ENABLE_OBJC_WEAK = YES;
				CLANG_WARN_BLOCK_CAPTURE_AUTORELEASING = YES;
				CLANG_WARN_BOOL_CONVERSION = YES;
				CLANG_WARN_COMMA = YES;
				CLANG_WARN_CONSTANT_CONVERSION = YES;
				CLANG_WARN_DEPRECATED_OBJC_IMPLEMENTATIONS = YES;
				CLANG_WARN_DIRECT_OBJC_ISA_USAGE = YES_ERROR;
				CLANG_WARN_DOCUMENTATION_COMMENTS = YES;
				CLANG_WARN_EMPTY_BODY = YES;
				CLANG_WARN_ENUM_CONVERSION = YES;
				CLANG_WARN_INFINITE_RECURSION = YES;
				CLANG_WARN_INT_CONVERSION = YES;
				CLANG_WARN_NON_LITERAL_NULL_CONVERSION = YES;
				CLANG_WARN_OBJC_IMPLICIT_RETAIN_SELF = YES;
				CLANG_WARN_OBJC_LITERAL_CONVERSION = YES;
				CLANG_WARN_OBJC_ROOT_CLASS = YES_ERROR;
				CLANG_WARN_RANGE_LOOP_ANALYSIS = YES;
				CLANG_WARN_STRICT_PROTOTYPES = YES;
				CLANG_WARN_SUSPICIOUS_MOVE = YES;
				CLANG_WARN_UNGUARDED_AVAILABILITY = YES_AGGRESSIVE;
				CLANG_WARN_UNREACHABLE_CODE = YES;
				CLANG_WARN__DUPLICATE_METHOD_MATCH = YES;
				CODE_SIGN_IDENTITY = "iPhone Developer";
				COPY_PHASE_STRIP = NO;
				DEBUG_INFORMATION_FORMAT = "dwarf-with-dsym";
				ENABLE_NS_ASSERTIONS = NO;
				ENABLE_STRICT_OBJC_MSGSEND = YES;
				GCC_C_LANGUAGE_STANDARD = gnu11;
				GCC_NO_COMMON_BLOCKS = YES;
				GCC_WARN_64_TO_32_BIT_CONVERSION = YES;
				GCC_WARN_ABOUT_RETURN_TYPE = YES_ERROR;
				GCC_WARN_UNDECLARED_SELECTOR = YES;
				GCC_WARN_UNINITIALIZED_AUTOS = YES_AGGRESSIVE;
				GCC_WARN_UNUSED_FUNCTION = YES;
				GCC_WARN_UNUSED_VARIABLE = YES;
				IPHONEOS_DEPLOYMENT_TARGET = 12.0;
				MTL_ENABLE_DEBUG_INFO = NO;
				MTL_FAST_MATH = YES;
				SDKROOT = iphoneos;
				SWIFT_COMPILATION_MODE = wholemodule;
				SWIFT_OPTIMIZATION_LEVEL = "-O";
				VALIDATE_PRODUCT = YES;
			};
			name = Release;
		};
		F1E3B1D621523C7F00A6943C /* Debug */ = {
			isa = XCBuildConfiguration;
			buildSettings = {
				ASSETCATALOG_COMPILER_APPICON_NAME = AppIcon;
				CODE_SIGN_STYLE = Automatic;
				DEVELOPMENT_TEAM = 75SMYU6JAM;
				INFOPLIST_FILE = TrimmerVideo/Info.plist;
				IPHONEOS_DEPLOYMENT_TARGET = 11.4;
				LD_RUNPATH_SEARCH_PATHS = (
					"$(inherited)",
					"@executable_path/Frameworks",
				);
				PRODUCT_BUNDLE_IDENTIFIER = com.diegocaroli.TrimmerVideo;
				PRODUCT_NAME = "$(TARGET_NAME)";
				SWIFT_VERSION = 4.2;
				TARGETED_DEVICE_FAMILY = "1,2";
			};
			name = Debug;
		};
		F1E3B1D721523C7F00A6943C /* Release */ = {
			isa = XCBuildConfiguration;
			buildSettings = {
				ASSETCATALOG_COMPILER_APPICON_NAME = AppIcon;
				CODE_SIGN_STYLE = Automatic;
				DEVELOPMENT_TEAM = 75SMYU6JAM;
				INFOPLIST_FILE = TrimmerVideo/Info.plist;
				IPHONEOS_DEPLOYMENT_TARGET = 11.4;
				LD_RUNPATH_SEARCH_PATHS = (
					"$(inherited)",
					"@executable_path/Frameworks",
				);
				PRODUCT_BUNDLE_IDENTIFIER = com.diegocaroli.TrimmerVideo;
				PRODUCT_NAME = "$(TARGET_NAME)";
				SWIFT_VERSION = 4.2;
				TARGETED_DEVICE_FAMILY = "1,2";
			};
			name = Release;
		};
/* End XCBuildConfiguration section */

/* Begin XCConfigurationList section */
		F1E3B1BE21523C7F00A6943C /* Build configuration list for PBXProject "TrimmerVideo" */ = {
			isa = XCConfigurationList;
			buildConfigurations = (
				F1E3B1D321523C7F00A6943C /* Debug */,
				F1E3B1D421523C7F00A6943C /* Release */,
			);
			defaultConfigurationIsVisible = 0;
			defaultConfigurationName = Release;
		};
		F1E3B1D521523C7F00A6943C /* Build configuration list for PBXNativeTarget "TrimmerVideo" */ = {
			isa = XCConfigurationList;
			buildConfigurations = (
				F1E3B1D621523C7F00A6943C /* Debug */,
				F1E3B1D721523C7F00A6943C /* Release */,
			);
			defaultConfigurationIsVisible = 0;
			defaultConfigurationName = Release;
		};
/* End XCConfigurationList section */
	};
	rootObject = F1E3B1BB21523C7F00A6943C /* Project object */;
}
